
Microsoft Visual Studio Solution File, Format Version 12.00
# Visual Studio 15
VisualStudioVersion = 15.0.27130.2036
MinimumVisualStudioVersion = 10.0.40219.1
Project("{FAE04EC0-301F-11D3-BF4B-00C04F79EFBC}") = "ExemploBasicoEntity", "ExemploBasicoEntity\ExemploBasicoEntity.csproj", "{6AB04E31-E7B8-42D3-AC49-A81A79921278}"
EndProject
Global
	GlobalSection(SolutionConfigurationPlatforms) = preSolution
		Debug|Any CPU = Debug|Any CPU
		Release|Any CPU = Release|Any CPU
	EndGlobalSection
	GlobalSection(ProjectConfigurationPlatforms) = postSolution
		{6AB04E31-E7B8-42D3-AC49-A81A79921278}.Debug|Any CPU.ActiveCfg = Debug|Any CPU
		{6AB04E31-E7B8-42D3-AC49-A81A79921278}.Debug|Any CPU.Build.0 = Debug|Any CPU
		{6AB04E31-E7B8-42D3-AC49-A81A79921278}.Release|Any CPU.ActiveCfg = Release|Any CPU
		{6AB04E31-E7B8-42D3-AC49-A81A79921278}.Release|Any CPU.Build.0 = Release|Any CPU
	EndGlobalSection
	GlobalSection(SolutionProperties) = preSolution
		HideSolutionNode = FALSE
	EndGlobalSection
	GlobalSection(ExtensibilityGlobals) = postSolution
		SolutionGuid = {AD858C1D-7082-41D5-9399-E82B11A87D9E}
	EndGlobalSection
EndGlobal
